<?xml version="1.0" encoding="utf-8"?>
<Project ToolsVersion="4.0" xmlns="http://schemas.microsoft.com/developer/msbuild/2003">
  <ItemGroup>
    <Filter Include="Source Files">
      <UniqueIdentifier>{4FC737F1-C7A5-4376-A066-2A32D752A2FF}</UniqueIdentifier>
      <Extensions>cpp;c;cc;cxx;c++;cppm;ixx;def;odl;idl;hpj;bat;asm;asmx</Extensions>
    </Filter>
    <Filter Include="Header Files">
      <UniqueIdentifier>{93995380-89BD-4b04-88EB-625FBE52EBFB}</UniqueIdentifier>
      <Extensions>h;hh;hpp;hxx;h++;hm;inl;inc;ipp;xsd</Extensions>
    </Filter>
    <Filter Include="Resource Files">
      <UniqueIdentifier>{67DA6AB6-F800-4c08-8B7A-83BB121AAD01}</UniqueIdentifier>
      <Extensions>rc;ico;cur;bmp;dlg;rc2;rct;bin;rgs;gif;jpg;jpeg;jpe;resx;tiff;tif;png;wav;mfcribbon-ms</Extensions>
    </Filter>
    <Filter Include="Header Files\sceneObjects">
      <UniqueIdentifier>{e63870bb-21ea-490f-8107-3a1b5bd28d7f}</UniqueIdentifier>
    </Filter>
    <Filter Include="Header Files\shapes">
      <UniqueIdentifier>{7bd7e367-7cc9-4f00-bc34-9caf065db1bf}</UniqueIdentifier>
    </Filter>
    <Filter Include="Header Files\utility">
      <UniqueIdentifier>{693b4e3c-c619-4a9e-9ec7-22d8efc30cba}</UniqueIdentifier>
    </Filter>
    <Filter Include="Source Files\sceneObjects">
      <UniqueIdentifier>{256724a2-ae24-4b56-9624-2ce737716a39}</UniqueIdentifier>
    </Filter>
    <Filter Include="Source Files\shapes">
      <UniqueIdentifier>{b6974f96-048a-42fc-9dbf-42cd81e2701e}</UniqueIdentifier>
    </Filter>
    <Filter Include="Source Files\utility">
      <UniqueIdentifier>{caee6dd4-491d-41aa-9533-a9cd6748ae7d}</UniqueIdentifier>
    </Filter>
    <Filter Include="Header Files\cameras">
      <UniqueIdentifier>{8c46d97f-a077-4138-b225-52060ee1a0dc}</UniqueIdentifier>
    </Filter>
    <Filter Include="Source Files\cameras">
      <UniqueIdentifier>{9b3e3e55-3d4b-40dd-b3be-02a5977527c6}</UniqueIdentifier>
    </Filter>
    <Filter Include="Header Files\utility\io">
      <UniqueIdentifier>{bdda0658-3c8b-4973-83ca-4e0d308ab48a}</UniqueIdentifier>
    </Filter>
    <Filter Include="Source Files\utility\io">
      <UniqueIdentifier>{71974623-11c5-43fa-9879-354bc97bc42e}</UniqueIdentifier>
    </Filter>
  </ItemGroup>
  <ItemGroup>
    <ClInclude Include="scene.h">
      <Filter>Header Files\sceneObjects</Filter>
    </ClInclude>
    <ClInclude Include="shape.h">
      <Filter>Header Files\shapes</Filter>
    </ClInclude>
    <ClInclude Include="triangle.h">
      <Filter>Header Files\shapes</Filter>
    </ClInclude>
    <ClInclude Include="sphere.h">
      <Filter>Header Files\shapes</Filter>
    </ClInclude>
    <ClInclude Include="rectangle.h">
      <Filter>Header Files\shapes</Filter>
    </ClInclude>
    <ClInclude Include="vector3.h">
      <Filter>Header Files\utility</Filter>
    </ClInclude>
    <ClInclude Include="camera.h">
      <Filter>Header Files\cameras</Filter>
    </ClInclude>
    <ClInclude Include="perspective.h">
      <Filter>Header Files\cameras</Filter>
    </ClInclude>
    <ClInclude Include="orthographic.h">
      <Filter>Header Files\cameras</Filter>
    </ClInclude>
    <ClInclude Include="operators.h">
      <Filter>Header Files\utility</Filter>
    </ClInclude>
    <ClInclude Include="ray.h">
      <Filter>Header Files\cameras</Filter>
    </ClInclude>
    <ClInclude Include="intersection_record.h">
      <Filter>Header Files\utility</Filter>
    </ClInclude>
    <ClInclude Include="scene_database.h">
      <Filter>Header Files\sceneObjects</Filter>
    </ClInclude>
    <ClInclude Include="renderer.h">
      <Filter>Header Files\utility</Filter>
    </ClInclude>
    <ClInclude Include="database_loader.h">
      <Filter>Header Files\utility\io</Filter>
    </ClInclude>
    <ClInclude Include="image_generator.h">
      <Filter>Header Files\utility\io</Filter>
    </ClInclude>
  </ItemGroup>
  <ItemGroup>
    <ClCompile Include="scene.cpp">
      <Filter>Source Files\sceneObjects</Filter>
    </ClCompile>
    <ClCompile Include="rectangle.cpp">
      <Filter>Source Files\shapes</Filter>
    </ClCompile>
    <ClCompile Include="shape.cpp">
      <Filter>Source Files\shapes</Filter>
    </ClCompile>
    <ClCompile Include="sphere.cpp">
      <Filter>Source Files\shapes</Filter>
    </ClCompile>
    <ClCompile Include="triangle.cpp">
      <Filter>Source Files\shapes</Filter>
    </ClCompile>
    <ClCompile Include="vector3.cpp">
      <Filter>Source Files\utility</Filter>
    </ClCompile>
    <ClCompile Include="camera.cpp">
      <Filter>Source Files\cameras</Filter>
    </ClCompile>
    <ClCompile Include="perspective.cpp">
      <Filter>Source Files\cameras</Filter>
    </ClCompile>
    <ClCompile Include="orthographic.cpp">
      <Filter>Source Files\cameras</Filter>
    </ClCompile>
    <ClCompile Include="operators.cpp">
      <Filter>Source Files\utility</Filter>
    </ClCompile>
    <ClCompile Include="ray.cpp">
      <Filter>Source Files\cameras</Filter>
    </ClCompile>
    <ClCompile Include="intersection_record.cpp">
      <Filter>Source Files\utility</Filter>
    </ClCompile>
    <ClCompile Include="scene_database.cpp">
      <Filter>Source Files\sceneObjects</Filter>
    </ClCompile>
    <ClCompile Include="renderer.cpp">
      <Filter>Source Files\utility</Filter>
    </ClCompile>
    <ClCompile Include="database_loader.cpp">
      <Filter>Source Files\utility\io</Filter>
    </ClCompile>
    <ClCompile Include="main.cpp">
      <Filter>Source Files</Filter>
    </ClCompile>
    <ClCompile Include="image_generator.cpp">
      <Filter>Source Files\utility\io</Filter>
    </ClCompile>
  </ItemGroup>
</Project>